/share/pool/toriowo/Resources/Sex_Determination/kmerGwas/results/RhinePhoxinus/ZFMK-TIS-66094/output_kmc_canon.kmc_pre
/share/pool/toriowo/Resources/Sex_Determination/kmerGwas/results/RhinePhoxinus/ZFMK-TIS-66058/output_kmc_canon.kmc_pre
/share/pool/toriowo/Resources/Sex_Determination/kmerGwas/results/RhinePhoxinus/ZFMK-TIS-66363/output_kmc_canon.kmc_pre
/share/pool/toriowo/Resources/Sex_Determination/kmerGwas/results/RhinePhoxinus/ZFMK-TIS-66031/output_kmc_canon.kmc_pre
/share/pool/toriowo/Resources/Sex_Determination/kmerGwas/results/RhinePhoxinus/ZFMK-TIS-65487/output_kmc_canon.kmc_pre
/share/pool/toriowo/Resources/Sex_Determination/kmerGwas/results/RhinePhoxinus/ZFMK-TIS-66357/output_kmc_canon.kmc_pre
/share/pool/toriowo/Resources/Sex_Determination/kmerGwas/results/RhinePhoxinus/ZFMK-TIS-66046/output_kmc_canon.kmc_pre
/share/pool/toriowo/Resources/Sex_Determination/kmerGwas/results/RhinePhoxinus/ZFMK-TIS-66100/output_kmc_canon.kmc_pre
/share/pool/toriowo/Resources/Sex_Determination/kmerGwas/results/RhinePhoxinus/ZFMK-TIS-66030/output_kmc_canon.kmc_pre
/share/pool/toriowo/Resources/Sex_Determination/kmerGwas/results/RhinePhoxinus/ZFMK-TIS-80125/output_kmc_canon.kmc_pre
/share/pool/toriowo/Resources/Sex_Determination/kmerGwas/results/RhinePhoxinus/ZFMK-TIS-66114/output_kmc_canon.kmc_pre
/share/pool/toriowo/Resources/Sex_Determination/kmerGwas/results/RhinePhoxinus/ZFMK-TIS-65499/output_kmc_canon.kmc_pre
/share/pool/toriowo/Resources/Sex_Determination/kmerGwas/results/RhinePhoxinus/ZFMK-TIS-80150/output_kmc_canon.kmc_pre
/share/pool/toriowo/Resources/Sex_Determination/kmerGwas/results/RhinePhoxinus/ZFMK-TIS-80141/output_kmc_canon.kmc_pre
/share/pool/toriowo/Resources/Sex_Determination/kmerGwas/results/RhinePhoxinus/ZFMK-TIS-65486/output_kmc_canon.kmc_pre
/share/pool/toriowo/Resources/Sex_Determination/kmerGwas/results/RhinePhoxinus/ZFMK-TIS-66201/output_kmc_canon.kmc_pre
/share/pool/toriowo/Resources/Sex_Determination/kmerGwas/results/RhinePhoxinus/ZFMK-TIS-80142/output_kmc_canon.kmc_pre
/share/pool/toriowo/Resources/Sex_Determination/kmerGwas/results/RhinePhoxinus/ZFMK-TIS-66168/output_kmc_canon.kmc_pre
/share/pool/toriowo/Resources/Sex_Determination/kmerGwas/results/RhinePhoxinus/ZFMK-TIS-66047/output_kmc_canon.kmc_pre
/share/pool/toriowo/Resources/Sex_Determination/kmerGwas/results/RhinePhoxinus/ZFMK-TIS-66336/output_kmc_canon.kmc_pre
/share/pool/toriowo/Resources/Sex_Determination/kmerGwas/results/RhinePhoxinus/ZFMK-TIS-65414/output_kmc_canon.kmc_pre
/share/pool/toriowo/Resources/Sex_Determination/kmerGwas/results/RhinePhoxinus/ZFMK-TIS-80148/output_kmc_canon.kmc_pre
/share/pool/toriowo/Resources/Sex_Determination/kmerGwas/results/RhinePhoxinus/ZFMK-TIS-66172/output_kmc_canon.kmc_pre
/share/pool/toriowo/Resources/Sex_Determination/kmerGwas/results/RhinePhoxinus/ZFMK-TIS-66086/output_kmc_canon.kmc_pre
/share/pool/toriowo/Resources/Sex_Determination/kmerGwas/results/RhinePhoxinus/ZFMK-TIS-80124/output_kmc_canon.kmc_pre
/share/pool/toriowo/Resources/Sex_Determination/kmerGwas/results/RhinePhoxinus/ZFMK-TIS-65468/output_kmc_canon.kmc_pre
/share/pool/toriowo/Resources/Sex_Determination/kmerGwas/results/RhinePhoxinus/ZFMK-TIS-66094/output_kmc_all.kmc_pre
/share/pool/toriowo/Resources/Sex_Determination/kmerGwas/results/RhinePhoxinus/ZFMK-TIS-66058/output_kmc_all.kmc_pre
/share/pool/toriowo/Resources/Sex_Determination/kmerGwas/results/RhinePhoxinus/ZFMK-TIS-66363/output_kmc_all.kmc_pre
/share/pool/toriowo/Resources/Sex_Determination/kmerGwas/results/RhinePhoxinus/ZFMK-TIS-66031/output_kmc_all.kmc_pre
/share/pool/toriowo/Resources/Sex_Determination/kmerGwas/results/RhinePhoxinus/ZFMK-TIS-65487/output_kmc_all.kmc_pre
/share/pool/toriowo/Resources/Sex_Determination/kmerGwas/results/RhinePhoxinus/ZFMK-TIS-66357/output_kmc_all.kmc_pre
/share/pool/toriowo/Resources/Sex_Determination/kmerGwas/results/RhinePhoxinus/ZFMK-TIS-66046/output_kmc_all.kmc_pre
/share/pool/toriowo/Resources/Sex_Determination/kmerGwas/results/RhinePhoxinus/ZFMK-TIS-66100/output_kmc_all.kmc_pre
/share/pool/toriowo/Resources/Sex_Determination/kmerGwas/results/RhinePhoxinus/ZFMK-TIS-66030/output_kmc_all.kmc_pre
/share/pool/toriowo/Resources/Sex_Determination/kmerGwas/results/RhinePhoxinus/ZFMK-TIS-80125/output_kmc_all.kmc_pre
/share/pool/toriowo/Resources/Sex_Determination/kmerGwas/results/RhinePhoxinus/ZFMK-TIS-66114/output_kmc_all.kmc_pre
/share/pool/toriowo/Resources/Sex_Determination/kmerGwas/results/RhinePhoxinus/ZFMK-TIS-65499/output_kmc_all.kmc_pre
/share/pool/toriowo/Resources/Sex_Determination/kmerGwas/results/RhinePhoxinus/ZFMK-TIS-80150/output_kmc_all.kmc_pre
/share/pool/toriowo/Resources/Sex_Determination/kmerGwas/results/RhinePhoxinus/ZFMK-TIS-80141/output_kmc_all.kmc_pre
/share/pool/toriowo/Resources/Sex_Determination/kmerGwas/results/RhinePhoxinus/ZFMK-TIS-65486/output_kmc_all.kmc_pre
/share/pool/toriowo/Resources/Sex_Determination/kmerGwas/results/RhinePhoxinus/ZFMK-TIS-66201/output_kmc_all.kmc_pre
/share/pool/toriowo/Resources/Sex_Determination/kmerGwas/results/RhinePhoxinus/ZFMK-TIS-80142/output_kmc_all.kmc_pre
/share/pool/toriowo/Resources/Sex_Determination/kmerGwas/results/RhinePhoxinus/ZFMK-TIS-66168/output_kmc_all.kmc_pre
/share/pool/toriowo/Resources/Sex_Determination/kmerGwas/results/RhinePhoxinus/ZFMK-TIS-66047/output_kmc_all.kmc_pre
/share/pool/toriowo/Resources/Sex_Determination/kmerGwas/results/RhinePhoxinus/ZFMK-TIS-66336/output_kmc_all.kmc_pre
/share/pool/toriowo/Resources/Sex_Determination/kmerGwas/results/RhinePhoxinus/ZFMK-TIS-65414/output_kmc_all.kmc_pre
/share/pool/toriowo/Resources/Sex_Determination/kmerGwas/results/RhinePhoxinus/ZFMK-TIS-80148/output_kmc_all.kmc_pre
/share/pool/toriowo/Resources/Sex_Determination/kmerGwas/results/RhinePhoxinus/ZFMK-TIS-66172/output_kmc_all.kmc_pre
/share/pool/toriowo/Resources/Sex_Determination/kmerGwas/results/RhinePhoxinus/ZFMK-TIS-66086/output_kmc_all.kmc_pre
/share/pool/toriowo/Resources/Sex_Determination/kmerGwas/results/RhinePhoxinus/ZFMK-TIS-80124/output_kmc_all.kmc_pre
/share/pool/toriowo/Resources/Sex_Determination/kmerGwas/results/RhinePhoxinus/ZFMK-TIS-65468/output_kmc_all.kmc_pre
/share/pool/toriowo/Resources/Sex_Determination/kmerGwas/results/RhinePhoxinus/ZFMK-TIS-66094/ZFMK-TIS-66094_1.fq.gz
/share/pool/toriowo/Resources/Sex_Determination/kmerGwas/results/RhinePhoxinus/ZFMK-TIS-66094/ZFMK-TIS-66094_2.fq.gz
/share/pool/toriowo/Resources/Sex_Determination/kmerGwas/results/RhinePhoxinus/ZFMK-TIS-66058/ZFMK-TIS-66058_1.fq.gz
/share/pool/toriowo/Resources/Sex_Determination/kmerGwas/results/RhinePhoxinus/ZFMK-TIS-66058/ZFMK-TIS-66058_2.fq.gz
/share/pool/toriowo/Resources/Sex_Determination/kmerGwas/results/RhinePhoxinus/ZFMK-TIS-66363/ZFMK-TIS-66363_1.fq.gz
/share/pool/toriowo/Resources/Sex_Determination/kmerGwas/results/RhinePhoxinus/ZFMK-TIS-66363/ZFMK-TIS-66363_2.fq.gz
/share/pool/toriowo/Resources/Sex_Determination/kmerGwas/results/RhinePhoxinus/ZFMK-TIS-66031/ZFMK-TIS-66031_1.fq.gz
/share/pool/toriowo/Resources/Sex_Determination/kmerGwas/results/RhinePhoxinus/ZFMK-TIS-66031/ZFMK-TIS-66031_2.fq.gz
/share/pool/toriowo/Resources/Sex_Determination/kmerGwas/results/RhinePhoxinus/ZFMK-TIS-65487/ZFMK-TIS-65487_1.fq.gz
/share/pool/toriowo/Resources/Sex_Determination/kmerGwas/results/RhinePhoxinus/ZFMK-TIS-65487/ZFMK-TIS-65487_2.fq.gz
/share/pool/toriowo/Resources/Sex_Determination/kmerGwas/results/RhinePhoxinus/ZFMK-TIS-66357/ZFMK-TIS-66357_1.fq.gz
/share/pool/toriowo/Resources/Sex_Determination/kmerGwas/results/RhinePhoxinus/ZFMK-TIS-66357/ZFMK-TIS-66357_2.fq.gz
/share/pool/toriowo/Resources/Sex_Determination/kmerGwas/results/RhinePhoxinus/ZFMK-TIS-66046/ZFMK-TIS-66046_1.fq.gz
/share/pool/toriowo/Resources/Sex_Determination/kmerGwas/results/RhinePhoxinus/ZFMK-TIS-66046/ZFMK-TIS-66046_2.fq.gz
/share/pool/toriowo/Resources/Sex_Determination/kmerGwas/results/RhinePhoxinus/ZFMK-TIS-66100/ZFMK-TIS-66100_1.fq.gz
/share/pool/toriowo/Resources/Sex_Determination/kmerGwas/results/RhinePhoxinus/ZFMK-TIS-66100/ZFMK-TIS-66100_2.fq.gz
/share/pool/toriowo/Resources/Sex_Determination/kmerGwas/results/RhinePhoxinus/ZFMK-TIS-66030/ZFMK-TIS-66030_1.fq.gz
/share/pool/toriowo/Resources/Sex_Determination/kmerGwas/results/RhinePhoxinus/ZFMK-TIS-66030/ZFMK-TIS-66030_2.fq.gz
/share/pool/toriowo/Resources/Sex_Determination/kmerGwas/results/RhinePhoxinus/ZFMK-TIS-80125/ZFMK-TIS-80125_1.fq.gz
/share/pool/toriowo/Resources/Sex_Determination/kmerGwas/results/RhinePhoxinus/ZFMK-TIS-80125/ZFMK-TIS-80125_2.fq.gz
/share/pool/toriowo/Resources/Sex_Determination/kmerGwas/results/RhinePhoxinus/ZFMK-TIS-66114/ZFMK-TIS-66114_1.fq.gz
/share/pool/toriowo/Resources/Sex_Determination/kmerGwas/results/RhinePhoxinus/ZFMK-TIS-66114/ZFMK-TIS-66114_2.fq.gz
/share/pool/toriowo/Resources/Sex_Determination/kmerGwas/results/RhinePhoxinus/ZFMK-TIS-65499/ZFMK-TIS-65499_1.fq.gz
/share/pool/toriowo/Resources/Sex_Determination/kmerGwas/results/RhinePhoxinus/ZFMK-TIS-65499/ZFMK-TIS-65499_2.fq.gz
/share/pool/toriowo/Resources/Sex_Determination/kmerGwas/results/RhinePhoxinus/ZFMK-TIS-80150/ZFMK-TIS-80150_1.fq.gz
/share/pool/toriowo/Resources/Sex_Determination/kmerGwas/results/RhinePhoxinus/ZFMK-TIS-80150/ZFMK-TIS-80150_2.fq.gz
/share/pool/toriowo/Resources/Sex_Determination/kmerGwas/results/RhinePhoxinus/ZFMK-TIS-80141/ZFMK-TIS-80141_1.fq.gz
/share/pool/toriowo/Resources/Sex_Determination/kmerGwas/results/RhinePhoxinus/ZFMK-TIS-80141/ZFMK-TIS-80141_2.fq.gz
/share/pool/toriowo/Resources/Sex_Determination/kmerGwas/results/RhinePhoxinus/ZFMK-TIS-65486/ZFMK-TIS-65486_1.fq.gz
/share/pool/toriowo/Resources/Sex_Determination/kmerGwas/results/RhinePhoxinus/ZFMK-TIS-65486/ZFMK-TIS-65486_2.fq.gz
/share/pool/toriowo/Resources/Sex_Determination/kmerGwas/results/RhinePhoxinus/ZFMK-TIS-66201/ZFMK-TIS-66201_1.fq.gz
/share/pool/toriowo/Resources/Sex_Determination/kmerGwas/results/RhinePhoxinus/ZFMK-TIS-66201/ZFMK-TIS-66201_2.fq.gz
/share/pool/toriowo/Resources/Sex_Determination/kmerGwas/results/RhinePhoxinus/ZFMK-TIS-80142/ZFMK-TIS-80142_1.fq.gz
/share/pool/toriowo/Resources/Sex_Determination/kmerGwas/results/RhinePhoxinus/ZFMK-TIS-80142/ZFMK-TIS-80142_2.fq.gz
/share/pool/toriowo/Resources/Sex_Determination/kmerGwas/results/RhinePhoxinus/ZFMK-TIS-66168/ZFMK-TIS-66168_1.fq.gz
/share/pool/toriowo/Resources/Sex_Determination/kmerGwas/results/RhinePhoxinus/ZFMK-TIS-66168/ZFMK-TIS-66168_2.fq.gz
/share/pool/toriowo/Resources/Sex_Determination/kmerGwas/results/RhinePhoxinus/ZFMK-TIS-66047/ZFMK-TIS-66047_1.fq.gz
/share/pool/toriowo/Resources/Sex_Determination/kmerGwas/results/RhinePhoxinus/ZFMK-TIS-66047/ZFMK-TIS-66047_2.fq.gz
/share/pool/toriowo/Resources/Sex_Determination/kmerGwas/results/RhinePhoxinus/ZFMK-TIS-66336/ZFMK-TIS-66336_1.fq.gz
/share/pool/toriowo/Resources/Sex_Determination/kmerGwas/results/RhinePhoxinus/ZFMK-TIS-66336/ZFMK-TIS-66336_2.fq.gz
/share/pool/toriowo/Resources/Sex_Determination/kmerGwas/results/RhinePhoxinus/ZFMK-TIS-65414/ZFMK-TIS-65414_1.fq.gz
/share/pool/toriowo/Resources/Sex_Determination/kmerGwas/results/RhinePhoxinus/ZFMK-TIS-65414/ZFMK-TIS-65414_2.fq.gz
/share/pool/toriowo/Resources/Sex_Determination/kmerGwas/results/RhinePhoxinus/ZFMK-TIS-80148/ZFMK-TIS-80148_1.fq.gz
/share/pool/toriowo/Resources/Sex_Determination/kmerGwas/results/RhinePhoxinus/ZFMK-TIS-80148/ZFMK-TIS-80148_2.fq.gz
/share/pool/toriowo/Resources/Sex_Determination/kmerGwas/results/RhinePhoxinus/ZFMK-TIS-66172/ZFMK-TIS-66172_1.fq.gz
/share/pool/toriowo/Resources/Sex_Determination/kmerGwas/results/RhinePhoxinus/ZFMK-TIS-66172/ZFMK-TIS-66172_2.fq.gz
/share/pool/toriowo/Resources/Sex_Determination/kmerGwas/results/RhinePhoxinus/ZFMK-TIS-66086/ZFMK-TIS-66086_1.fq.gz
/share/pool/toriowo/Resources/Sex_Determination/kmerGwas/results/RhinePhoxinus/ZFMK-TIS-66086/ZFMK-TIS-66086_2.fq.gz
/share/pool/toriowo/Resources/Sex_Determination/kmerGwas/results/RhinePhoxinus/ZFMK-TIS-80124/ZFMK-TIS-80124_1.fq.gz
/share/pool/toriowo/Resources/Sex_Determination/kmerGwas/results/RhinePhoxinus/ZFMK-TIS-80124/ZFMK-TIS-80124_2.fq.gz
/share/pool/toriowo/Resources/Sex_Determination/kmerGwas/results/RhinePhoxinus/ZFMK-TIS-65468/ZFMK-TIS-65468_1.fq.gz
/share/pool/toriowo/Resources/Sex_Determination/kmerGwas/results/RhinePhoxinus/ZFMK-TIS-65468/ZFMK-TIS-65468_2.fq.gz
