/share/pool/toriowo/Resources/Sex_Determination/kmerGwas/results/RhinePhoxinus/ZFMK-TIS-80141/output_kmc_canon.kmc_pre
/share/pool/toriowo/Resources/Sex_Determination/kmerGwas/results/RhinePhoxinus/ZFMK-TIS-80141/output_kmc_canon.kmc_suf
/share/pool/toriowo/Resources/Sex_Determination/kmerGwas/results/RhinePhoxinus/ZFMK-TIS-80141/output_kmc_all.kmc_pre
/share/pool/toriowo/Resources/Sex_Determination/kmerGwas/results/RhinePhoxinus/ZFMK-TIS-80141/output_kmc_all.kmc_suf
/share/pool/toriowo/Resources/Sex_Determination/kmerGwas/results/RhinePhoxinus/ZFMK-TIS-66357/output_kmc_canon.kmc_pre
/share/pool/toriowo/Resources/Sex_Determination/kmerGwas/results/RhinePhoxinus/ZFMK-TIS-66357/output_kmc_canon.kmc_suf
/share/pool/toriowo/Resources/Sex_Determination/kmerGwas/results/RhinePhoxinus/ZFMK-TIS-66357/output_kmc_all.kmc_pre
/share/pool/toriowo/Resources/Sex_Determination/kmerGwas/results/RhinePhoxinus/ZFMK-TIS-66357/output_kmc_all.kmc_suf
/share/pool/toriowo/Resources/Sex_Determination/kmerGwas/results/RhinePhoxinus/ZFMK-TIS-80148/output_kmc_canon.kmc_pre
/share/pool/toriowo/Resources/Sex_Determination/kmerGwas/results/RhinePhoxinus/ZFMK-TIS-80148/output_kmc_canon.kmc_suf
/share/pool/toriowo/Resources/Sex_Determination/kmerGwas/results/RhinePhoxinus/ZFMK-TIS-80148/output_kmc_all.kmc_pre
/share/pool/toriowo/Resources/Sex_Determination/kmerGwas/results/RhinePhoxinus/ZFMK-TIS-80148/output_kmc_all.kmc_suf
/share/pool/toriowo/Resources/Sex_Determination/kmerGwas/results/RhinePhoxinus/ZFMK-TIS-65486/output_kmc_canon.kmc_pre
/share/pool/toriowo/Resources/Sex_Determination/kmerGwas/results/RhinePhoxinus/ZFMK-TIS-65486/output_kmc_canon.kmc_suf
/share/pool/toriowo/Resources/Sex_Determination/kmerGwas/results/RhinePhoxinus/ZFMK-TIS-65486/output_kmc_all.kmc_pre
/share/pool/toriowo/Resources/Sex_Determination/kmerGwas/results/RhinePhoxinus/ZFMK-TIS-65486/output_kmc_all.kmc_suf
/share/pool/toriowo/Resources/Sex_Determination/kmerGwas/results/RhinePhoxinus/ZFMK-TIS-66046/output_kmc_canon.kmc_pre
/share/pool/toriowo/Resources/Sex_Determination/kmerGwas/results/RhinePhoxinus/ZFMK-TIS-66046/output_kmc_canon.kmc_suf
/share/pool/toriowo/Resources/Sex_Determination/kmerGwas/results/RhinePhoxinus/ZFMK-TIS-66046/output_kmc_all.kmc_pre
/share/pool/toriowo/Resources/Sex_Determination/kmerGwas/results/RhinePhoxinus/ZFMK-TIS-66046/output_kmc_all.kmc_suf
/share/pool/toriowo/Resources/Sex_Determination/kmerGwas/results/RhinePhoxinus/ZFMK-TIS-66094/output_kmc_canon.kmc_pre
/share/pool/toriowo/Resources/Sex_Determination/kmerGwas/results/RhinePhoxinus/ZFMK-TIS-66094/output_kmc_canon.kmc_suf
/share/pool/toriowo/Resources/Sex_Determination/kmerGwas/results/RhinePhoxinus/ZFMK-TIS-66094/output_kmc_all.kmc_pre
/share/pool/toriowo/Resources/Sex_Determination/kmerGwas/results/RhinePhoxinus/ZFMK-TIS-66094/output_kmc_all.kmc_suf
/share/pool/toriowo/Resources/Sex_Determination/kmerGwas/results/RhinePhoxinus/ZFMK-TIS-66172/output_kmc_canon.kmc_pre
/share/pool/toriowo/Resources/Sex_Determination/kmerGwas/results/RhinePhoxinus/ZFMK-TIS-66172/output_kmc_canon.kmc_suf
/share/pool/toriowo/Resources/Sex_Determination/kmerGwas/results/RhinePhoxinus/ZFMK-TIS-66172/output_kmc_all.kmc_pre
/share/pool/toriowo/Resources/Sex_Determination/kmerGwas/results/RhinePhoxinus/ZFMK-TIS-66172/output_kmc_all.kmc_suf
/share/pool/toriowo/Resources/Sex_Determination/kmerGwas/results/RhinePhoxinus/ZFMK-TIS-66201/output_kmc_canon.kmc_pre
/share/pool/toriowo/Resources/Sex_Determination/kmerGwas/results/RhinePhoxinus/ZFMK-TIS-66201/output_kmc_canon.kmc_suf
/share/pool/toriowo/Resources/Sex_Determination/kmerGwas/results/RhinePhoxinus/ZFMK-TIS-66201/output_kmc_all.kmc_pre
/share/pool/toriowo/Resources/Sex_Determination/kmerGwas/results/RhinePhoxinus/ZFMK-TIS-66201/output_kmc_all.kmc_suf
/share/pool/toriowo/Resources/Sex_Determination/kmerGwas/results/RhinePhoxinus/ZFMK-TIS-66100/output_kmc_canon.kmc_pre
/share/pool/toriowo/Resources/Sex_Determination/kmerGwas/results/RhinePhoxinus/ZFMK-TIS-66100/output_kmc_canon.kmc_suf
/share/pool/toriowo/Resources/Sex_Determination/kmerGwas/results/RhinePhoxinus/ZFMK-TIS-66100/output_kmc_all.kmc_pre
/share/pool/toriowo/Resources/Sex_Determination/kmerGwas/results/RhinePhoxinus/ZFMK-TIS-66100/output_kmc_all.kmc_suf
/share/pool/toriowo/Resources/Sex_Determination/kmerGwas/results/RhinePhoxinus/ZFMK-TIS-66058/output_kmc_canon.kmc_pre
/share/pool/toriowo/Resources/Sex_Determination/kmerGwas/results/RhinePhoxinus/ZFMK-TIS-66058/output_kmc_canon.kmc_suf
/share/pool/toriowo/Resources/Sex_Determination/kmerGwas/results/RhinePhoxinus/ZFMK-TIS-66058/output_kmc_all.kmc_pre
/share/pool/toriowo/Resources/Sex_Determination/kmerGwas/results/RhinePhoxinus/ZFMK-TIS-66058/output_kmc_all.kmc_suf
/share/pool/toriowo/Resources/Sex_Determination/kmerGwas/results/RhinePhoxinus/ZFMK-TIS-66086/output_kmc_canon.kmc_pre
/share/pool/toriowo/Resources/Sex_Determination/kmerGwas/results/RhinePhoxinus/ZFMK-TIS-66086/output_kmc_canon.kmc_suf
/share/pool/toriowo/Resources/Sex_Determination/kmerGwas/results/RhinePhoxinus/ZFMK-TIS-66086/output_kmc_all.kmc_pre
/share/pool/toriowo/Resources/Sex_Determination/kmerGwas/results/RhinePhoxinus/ZFMK-TIS-66086/output_kmc_all.kmc_suf
/share/pool/toriowo/Resources/Sex_Determination/kmerGwas/results/RhinePhoxinus/ZFMK-TIS-80142/output_kmc_canon.kmc_pre
/share/pool/toriowo/Resources/Sex_Determination/kmerGwas/results/RhinePhoxinus/ZFMK-TIS-80142/output_kmc_canon.kmc_suf
/share/pool/toriowo/Resources/Sex_Determination/kmerGwas/results/RhinePhoxinus/ZFMK-TIS-80142/output_kmc_all.kmc_pre
/share/pool/toriowo/Resources/Sex_Determination/kmerGwas/results/RhinePhoxinus/ZFMK-TIS-80142/output_kmc_all.kmc_suf
/share/pool/toriowo/Resources/Sex_Determination/kmerGwas/results/RhinePhoxinus/ZFMK-TIS-66030/output_kmc_canon.kmc_pre
/share/pool/toriowo/Resources/Sex_Determination/kmerGwas/results/RhinePhoxinus/ZFMK-TIS-66030/output_kmc_canon.kmc_suf
/share/pool/toriowo/Resources/Sex_Determination/kmerGwas/results/RhinePhoxinus/ZFMK-TIS-66030/output_kmc_all.kmc_pre
/share/pool/toriowo/Resources/Sex_Determination/kmerGwas/results/RhinePhoxinus/ZFMK-TIS-66030/output_kmc_all.kmc_suf
/share/pool/toriowo/Resources/Sex_Determination/kmerGwas/results/RhinePhoxinus/ZFMK-TIS-66031/output_kmc_canon.kmc_pre
/share/pool/toriowo/Resources/Sex_Determination/kmerGwas/results/RhinePhoxinus/ZFMK-TIS-66031/output_kmc_canon.kmc_suf
/share/pool/toriowo/Resources/Sex_Determination/kmerGwas/results/RhinePhoxinus/ZFMK-TIS-66031/output_kmc_all.kmc_pre
/share/pool/toriowo/Resources/Sex_Determination/kmerGwas/results/RhinePhoxinus/ZFMK-TIS-66031/output_kmc_all.kmc_suf
/share/pool/toriowo/Resources/Sex_Determination/kmerGwas/results/RhinePhoxinus/ZFMK-TIS-80124/output_kmc_canon.kmc_pre
/share/pool/toriowo/Resources/Sex_Determination/kmerGwas/results/RhinePhoxinus/ZFMK-TIS-80124/output_kmc_canon.kmc_suf
/share/pool/toriowo/Resources/Sex_Determination/kmerGwas/results/RhinePhoxinus/ZFMK-TIS-80124/output_kmc_all.kmc_pre
/share/pool/toriowo/Resources/Sex_Determination/kmerGwas/results/RhinePhoxinus/ZFMK-TIS-80124/output_kmc_all.kmc_suf
/share/pool/toriowo/Resources/Sex_Determination/kmerGwas/results/RhinePhoxinus/ZFMK-TIS-66168/output_kmc_canon.kmc_pre
/share/pool/toriowo/Resources/Sex_Determination/kmerGwas/results/RhinePhoxinus/ZFMK-TIS-66168/output_kmc_canon.kmc_suf
/share/pool/toriowo/Resources/Sex_Determination/kmerGwas/results/RhinePhoxinus/ZFMK-TIS-66168/output_kmc_all.kmc_pre
/share/pool/toriowo/Resources/Sex_Determination/kmerGwas/results/RhinePhoxinus/ZFMK-TIS-66168/output_kmc_all.kmc_suf
/share/pool/toriowo/Resources/Sex_Determination/kmerGwas/results/RhinePhoxinus/ZFMK-TIS-80125/output_kmc_canon.kmc_pre
/share/pool/toriowo/Resources/Sex_Determination/kmerGwas/results/RhinePhoxinus/ZFMK-TIS-80125/output_kmc_canon.kmc_suf
/share/pool/toriowo/Resources/Sex_Determination/kmerGwas/results/RhinePhoxinus/ZFMK-TIS-80125/output_kmc_all.kmc_pre
/share/pool/toriowo/Resources/Sex_Determination/kmerGwas/results/RhinePhoxinus/ZFMK-TIS-80125/output_kmc_all.kmc_suf
/share/pool/toriowo/Resources/Sex_Determination/kmerGwas/results/RhinePhoxinus/ZFMK-TIS-66363/output_kmc_canon.kmc_pre
/share/pool/toriowo/Resources/Sex_Determination/kmerGwas/results/RhinePhoxinus/ZFMK-TIS-66363/output_kmc_canon.kmc_suf
/share/pool/toriowo/Resources/Sex_Determination/kmerGwas/results/RhinePhoxinus/ZFMK-TIS-66363/output_kmc_all.kmc_pre
/share/pool/toriowo/Resources/Sex_Determination/kmerGwas/results/RhinePhoxinus/ZFMK-TIS-66363/output_kmc_all.kmc_suf
/share/pool/toriowo/Resources/Sex_Determination/kmerGwas/results/RhinePhoxinus/ZFMK-TIS-65468/output_kmc_canon.kmc_pre
/share/pool/toriowo/Resources/Sex_Determination/kmerGwas/results/RhinePhoxinus/ZFMK-TIS-65468/output_kmc_canon.kmc_suf
/share/pool/toriowo/Resources/Sex_Determination/kmerGwas/results/RhinePhoxinus/ZFMK-TIS-65468/output_kmc_all.kmc_pre
/share/pool/toriowo/Resources/Sex_Determination/kmerGwas/results/RhinePhoxinus/ZFMK-TIS-65468/output_kmc_all.kmc_suf
/share/pool/toriowo/Resources/Sex_Determination/kmerGwas/results/RhinePhoxinus/ZFMK-TIS-66047/output_kmc_canon.kmc_pre
/share/pool/toriowo/Resources/Sex_Determination/kmerGwas/results/RhinePhoxinus/ZFMK-TIS-66047/output_kmc_canon.kmc_suf
/share/pool/toriowo/Resources/Sex_Determination/kmerGwas/results/RhinePhoxinus/ZFMK-TIS-66047/output_kmc_all.kmc_pre
/share/pool/toriowo/Resources/Sex_Determination/kmerGwas/results/RhinePhoxinus/ZFMK-TIS-66047/output_kmc_all.kmc_suf
/share/pool/toriowo/Resources/Sex_Determination/kmerGwas/results/RhinePhoxinus/ZFMK-TIS-65499/output_kmc_canon.kmc_pre
/share/pool/toriowo/Resources/Sex_Determination/kmerGwas/results/RhinePhoxinus/ZFMK-TIS-65499/output_kmc_canon.kmc_suf
/share/pool/toriowo/Resources/Sex_Determination/kmerGwas/results/RhinePhoxinus/ZFMK-TIS-65499/output_kmc_all.kmc_pre
/share/pool/toriowo/Resources/Sex_Determination/kmerGwas/results/RhinePhoxinus/ZFMK-TIS-65499/output_kmc_all.kmc_suf
/share/pool/toriowo/Resources/Sex_Determination/kmerGwas/results/RhinePhoxinus/ZFMK-TIS-65487/output_kmc_canon.kmc_pre
/share/pool/toriowo/Resources/Sex_Determination/kmerGwas/results/RhinePhoxinus/ZFMK-TIS-65487/output_kmc_canon.kmc_suf
/share/pool/toriowo/Resources/Sex_Determination/kmerGwas/results/RhinePhoxinus/ZFMK-TIS-65487/output_kmc_all.kmc_pre
/share/pool/toriowo/Resources/Sex_Determination/kmerGwas/results/RhinePhoxinus/ZFMK-TIS-65487/output_kmc_all.kmc_suf
/share/pool/toriowo/Resources/Sex_Determination/kmerGwas/results/RhinePhoxinus/ZFMK-TIS-66336/output_kmc_canon.kmc_pre
/share/pool/toriowo/Resources/Sex_Determination/kmerGwas/results/RhinePhoxinus/ZFMK-TIS-66336/output_kmc_canon.kmc_suf
/share/pool/toriowo/Resources/Sex_Determination/kmerGwas/results/RhinePhoxinus/ZFMK-TIS-66336/output_kmc_all.kmc_pre
/share/pool/toriowo/Resources/Sex_Determination/kmerGwas/results/RhinePhoxinus/ZFMK-TIS-66336/output_kmc_all.kmc_suf
/share/pool/toriowo/Resources/Sex_Determination/kmerGwas/results/RhinePhoxinus/ZFMK-TIS-80150/output_kmc_canon.kmc_pre
/share/pool/toriowo/Resources/Sex_Determination/kmerGwas/results/RhinePhoxinus/ZFMK-TIS-80150/output_kmc_canon.kmc_suf
/share/pool/toriowo/Resources/Sex_Determination/kmerGwas/results/RhinePhoxinus/ZFMK-TIS-80150/output_kmc_all.kmc_pre
/share/pool/toriowo/Resources/Sex_Determination/kmerGwas/results/RhinePhoxinus/ZFMK-TIS-80150/output_kmc_all.kmc_suf
/share/pool/toriowo/Resources/Sex_Determination/kmerGwas/results/RhinePhoxinus/ZFMK-TIS-66114/output_kmc_canon.kmc_pre
/share/pool/toriowo/Resources/Sex_Determination/kmerGwas/results/RhinePhoxinus/ZFMK-TIS-66114/output_kmc_canon.kmc_suf
/share/pool/toriowo/Resources/Sex_Determination/kmerGwas/results/RhinePhoxinus/ZFMK-TIS-66114/output_kmc_all.kmc_pre
/share/pool/toriowo/Resources/Sex_Determination/kmerGwas/results/RhinePhoxinus/ZFMK-TIS-66114/output_kmc_all.kmc_suf
/share/pool/toriowo/Resources/Sex_Determination/kmerGwas/results/RhinePhoxinus/ZFMK-TIS-65414/output_kmc_canon.kmc_pre
/share/pool/toriowo/Resources/Sex_Determination/kmerGwas/results/RhinePhoxinus/ZFMK-TIS-65414/output_kmc_canon.kmc_suf
/share/pool/toriowo/Resources/Sex_Determination/kmerGwas/results/RhinePhoxinus/ZFMK-TIS-65414/output_kmc_all.kmc_pre
/share/pool/toriowo/Resources/Sex_Determination/kmerGwas/results/RhinePhoxinus/ZFMK-TIS-65414/output_kmc_all.kmc_suf
